
Microsoft Visual Studio Solution File, Format Version 12.00
# Visual Studio Version 17
VisualStudioVersion = 17.3.32922.545
MinimumVisualStudioVersion = 10.0.40219.1
Project("{FAE04EC0-301F-11D3-BF4B-00C04F79EFBC}") = "Day5-GenericConcept", "Day5-GenericConcept\Day5-GenericConcept.csproj", "{EFA6E363-25A5-43FD-A98A-B567B254CCEA}"
EndProject
Global
	GlobalSection(SolutionConfigurationPlatforms) = preSolution
		Debug|Any CPU = Debug|Any CPU
		Release|Any CPU = Release|Any CPU
	EndGlobalSection
	GlobalSection(ProjectConfigurationPlatforms) = postSolution
		{EFA6E363-25A5-43FD-A98A-B567B254CCEA}.Debug|Any CPU.ActiveCfg = Debug|Any CPU
		{EFA6E363-25A5-43FD-A98A-B567B254CCEA}.Debug|Any CPU.Build.0 = Debug|Any CPU
		{EFA6E363-25A5-43FD-A98A-B567B254CCEA}.Release|Any CPU.ActiveCfg = Release|Any CPU
		{EFA6E363-25A5-43FD-A98A-B567B254CCEA}.Release|Any CPU.Build.0 = Release|Any CPU
	EndGlobalSection
	GlobalSection(SolutionProperties) = preSolution
		HideSolutionNode = FALSE
	EndGlobalSection
	GlobalSection(ExtensibilityGlobals) = postSolution
		SolutionGuid = {1131C85C-EB62-4B74-B9E6-18FB720C292D}
	EndGlobalSection
EndGlobal
